// !$*UTF8*$!
{
	archiveVersion = 1;
	classes = {
	};
	objectVersion = 50;
	objects = {

/* Begin PBXBuildFile section */
		7F08340B21A8D3D70096841F /* AppDelegate.swift in Sources */ = {isa = PBXBuildFile; fileRef = 7F08340A21A8D3D70096841F /* AppDelegate.swift */; };
		7F08340D21A8D3D70096841F /* art.scnassets in Resources */ = {isa = PBXBuildFile; fileRef = 7F08340C21A8D3D70096841F /* art.scnassets */; };
		7F08340F21A8D3D70096841F /* MainViewController.swift in Sources */ = {isa = PBXBuildFile; fileRef = 7F08340E21A8D3D70096841F /* MainViewController.swift */; };
		7F08341221A8D3D70096841F /* Main.storyboard in Resources */ = {isa = PBXBuildFile; fileRef = 7F08341021A8D3D70096841F /* Main.storyboard */; };
		7F08341421A8D3D90096841F /* Assets.xcassets in Resources */ = {isa = PBXBuildFile; fileRef = 7F08341321A8D3D90096841F /* Assets.xcassets */; };
		7F08341721A8D3D90096841F /* LaunchScreen.storyboard in Resources */ = {isa = PBXBuildFile; fileRef = 7F08341521A8D3D90096841F /* LaunchScreen.storyboard */; };
		7F392BF221B0D45600FCAC42 /* Plane.swift in Sources */ = {isa = PBXBuildFile; fileRef = 7F392BF121B0D45600FCAC42 /* Plane.swift */; };
		7F392BF421B0E47800FCAC42 /* BoundingBox.swift in Sources */ = {isa = PBXBuildFile; fileRef = 7F392BF321B0E47800FCAC42 /* BoundingBox.swift */; };
		7F392BF821B0F9DA00FCAC42 /* LegoModel.swift in Sources */ = {isa = PBXBuildFile; fileRef = 7F392BF721B0F9DA00FCAC42 /* LegoModel.swift */; };
		7F56E00F21B09EF8002DFF34 /* SettingsViewController.swift in Sources */ = {isa = PBXBuildFile; fileRef = 7F56E00E21B09EF8002DFF34 /* SettingsViewController.swift */; };
		7F56E01121B0BE32002DFF34 /* ARSceneView+Extensions.swift in Sources */ = {isa = PBXBuildFile; fileRef = 7F56E01021B0BE32002DFF34 /* ARSceneView+Extensions.swift */; };
		7F58DADE21B3869500562D1F /* LegoScene.swift in Sources */ = {isa = PBXBuildFile; fileRef = 7F58DADD21B3869500562D1F /* LegoScene.swift */; };
		7F58DAE021B3940400562D1F /* Models.swift in Sources */ = {isa = PBXBuildFile; fileRef = 7F58DADF21B3940400562D1F /* Models.swift */; };
/* End PBXBuildFile section */

/* Begin PBXFileReference section */
		7F08340721A8D3D70096841F /* lego-ar-world-app.app */ = {isa = PBXFileReference; explicitFileType = wrapper.application; includeInIndex = 0; path = "lego-ar-world-app.app"; sourceTree = BUILT_PRODUCTS_DIR; };
		7F08340A21A8D3D70096841F /* AppDelegate.swift */ = {isa = PBXFileReference; lastKnownFileType = sourcecode.swift; path = AppDelegate.swift; sourceTree = "<group>"; };
		7F08340C21A8D3D70096841F /* art.scnassets */ = {isa = PBXFileReference; lastKnownFileType = wrapper.scnassets; path = art.scnassets; sourceTree = "<group>"; };
		7F08340E21A8D3D70096841F /* MainViewController.swift */ = {isa = PBXFileReference; lastKnownFileType = sourcecode.swift; path = MainViewController.swift; sourceTree = "<group>"; };
		7F08341121A8D3D70096841F /* Base */ = {isa = PBXFileReference; lastKnownFileType = file.storyboard; name = Base; path = Base.lproj/Main.storyboard; sourceTree = "<group>"; };
		7F08341321A8D3D90096841F /* Assets.xcassets */ = {isa = PBXFileReference; lastKnownFileType = folder.assetcatalog; path = Assets.xcassets; sourceTree = "<group>"; };
		7F08341621A8D3D90096841F /* Base */ = {isa = PBXFileReference; lastKnownFileType = file.storyboard; name = Base; path = Base.lproj/LaunchScreen.storyboard; sourceTree = "<group>"; };
		7F08341821A8D3D90096841F /* Info.plist */ = {isa = PBXFileReference; lastKnownFileType = text.plist.xml; path = Info.plist; sourceTree = "<group>"; };
		7F392BF121B0D45600FCAC42 /* Plane.swift */ = {isa = PBXFileReference; lastKnownFileType = sourcecode.swift; path = Plane.swift; sourceTree = "<group>"; };
		7F392BF321B0E47800FCAC42 /* BoundingBox.swift */ = {isa = PBXFileReference; fileEncoding = 4; lastKnownFileType = sourcecode.swift; path = BoundingBox.swift; sourceTree = "<group>"; };
		7F392BF721B0F9DA00FCAC42 /* LegoModel.swift */ = {isa = PBXFileReference; lastKnownFileType = sourcecode.swift; path = LegoModel.swift; sourceTree = "<group>"; };
		7F56E00E21B09EF8002DFF34 /* SettingsViewController.swift */ = {isa = PBXFileReference; lastKnownFileType = sourcecode.swift; path = SettingsViewController.swift; sourceTree = "<group>"; };
		7F56E01021B0BE32002DFF34 /* ARSceneView+Extensions.swift */ = {isa = PBXFileReference; lastKnownFileType = sourcecode.swift; path = "ARSceneView+Extensions.swift"; sourceTree = "<group>"; };
		7F58DADD21B3869500562D1F /* LegoScene.swift */ = {isa = PBXFileReference; lastKnownFileType = sourcecode.swift; path = LegoScene.swift; sourceTree = "<group>"; };
		7F58DADF21B3940400562D1F /* Models.swift */ = {isa = PBXFileReference; lastKnownFileType = sourcecode.swift; path = Models.swift; sourceTree = "<group>"; };
/* End PBXFileReference section */

/* Begin PBXFrameworksBuildPhase section */
		7F08340421A8D3D70096841F /* Frameworks */ = {
			isa = PBXFrameworksBuildPhase;
			buildActionMask = 2147483647;
			files = (
			);
			runOnlyForDeploymentPostprocessing = 0;
		};
/* End PBXFrameworksBuildPhase section */

/* Begin PBXGroup section */
		7F0833FE21A8D3D70096841F = {
			isa = PBXGroup;
			children = (
				7F08340921A8D3D70096841F /* lego-ar-world-app */,
				7F08340821A8D3D70096841F /* Products */,
			);
			sourceTree = "<group>";
		};
		7F08340821A8D3D70096841F /* Products */ = {
			isa = PBXGroup;
			children = (
				7F08340721A8D3D70096841F /* lego-ar-world-app.app */,
			);
			name = Products;
			sourceTree = "<group>";
		};
		7F08340921A8D3D70096841F /* lego-ar-world-app */ = {
			isa = PBXGroup;
			children = (
				7F392BF021B0D44700FCAC42 /* UI Elements */,
				7F08340A21A8D3D70096841F /* AppDelegate.swift */,
				7F08340C21A8D3D70096841F /* art.scnassets */,
				7F08340E21A8D3D70096841F /* MainViewController.swift */,
				7F56E01021B0BE32002DFF34 /* ARSceneView+Extensions.swift */,
				7F56E00E21B09EF8002DFF34 /* SettingsViewController.swift */,
				7F08341021A8D3D70096841F /* Main.storyboard */,
				7F08341321A8D3D90096841F /* Assets.xcassets */,
				7F08341521A8D3D90096841F /* LaunchScreen.storyboard */,
				7F08341821A8D3D90096841F /* Info.plist */,
				7F58DADD21B3869500562D1F /* LegoScene.swift */,
				7F58DADF21B3940400562D1F /* Models.swift */,
			);
			path = "lego-ar-world-app";
			sourceTree = "<group>";
		};
		7F392BF021B0D44700FCAC42 /* UI Elements */ = {
			isa = PBXGroup;
			children = (
				7F392BF321B0E47800FCAC42 /* BoundingBox.swift */,
				7F392BF121B0D45600FCAC42 /* Plane.swift */,
				7F392BF721B0F9DA00FCAC42 /* LegoModel.swift */,
			);
			path = "UI Elements";
			sourceTree = "<group>";
		};
/* End PBXGroup section */

/* Begin PBXNativeTarget section */
		7F08340621A8D3D70096841F /* lego-ar-world-app */ = {
			isa = PBXNativeTarget;
			buildConfigurationList = 7F08341B21A8D3D90096841F /* Build configuration list for PBXNativeTarget "lego-ar-world-app" */;
			buildPhases = (
				7F08340321A8D3D70096841F /* Sources */,
				7F08340421A8D3D70096841F /* Frameworks */,
				7F08340521A8D3D70096841F /* Resources */,
			);
			buildRules = (
			);
			dependencies = (
			);
			name = "lego-ar-world-app";
			productName = "lego-ar-world-app";
			productReference = 7F08340721A8D3D70096841F /* lego-ar-world-app.app */;
			productType = "com.apple.product-type.application";
		};
/* End PBXNativeTarget section */

/* Begin PBXProject section */
		7F0833FF21A8D3D70096841F /* Project object */ = {
			isa = PBXProject;
			attributes = {
				LastSwiftUpdateCheck = 1000;
				LastUpgradeCheck = 1000;
				ORGANIZATIONNAME = "Srinjoy Majumdar";
				TargetAttributes = {
					7F08340621A8D3D70096841F = {
						CreatedOnToolsVersion = 10.0;
					};
				};
			};
			buildConfigurationList = 7F08340221A8D3D70096841F /* Build configuration list for PBXProject "lego-ar-world-app" */;
			compatibilityVersion = "Xcode 9.3";
			developmentRegion = en;
			hasScannedForEncodings = 0;
			knownRegions = (
				en,
				Base,
			);
			mainGroup = 7F0833FE21A8D3D70096841F;
			productRefGroup = 7F08340821A8D3D70096841F /* Products */;
			projectDirPath = "";
			projectRoot = "";
			targets = (
				7F08340621A8D3D70096841F /* lego-ar-world-app */,
			);
		};
/* End PBXProject section */

/* Begin PBXResourcesBuildPhase section */
		7F08340521A8D3D70096841F /* Resources */ = {
			isa = PBXResourcesBuildPhase;
			buildActionMask = 2147483647;
			files = (
				7F08340D21A8D3D70096841F /* art.scnassets in Resources */,
				7F08341721A8D3D90096841F /* LaunchScreen.storyboard in Resources */,
				7F08341421A8D3D90096841F /* Assets.xcassets in Resources */,
				7F08341221A8D3D70096841F /* Main.storyboard in Resources */,
			);
			runOnlyForDeploymentPostprocessing = 0;
		};
/* End PBXResourcesBuildPhase section */

/* Begin PBXSourcesBuildPhase section */
		7F08340321A8D3D70096841F /* Sources */ = {
			isa = PBXSourcesBuildPhase;
			buildActionMask = 2147483647;
			files = (
				7F08340F21A8D3D70096841F /* MainViewController.swift in Sources */,
				7F08340B21A8D3D70096841F /* AppDelegate.swift in Sources */,
				7F392BF221B0D45600FCAC42 /* Plane.swift in Sources */,
				7F392BF421B0E47800FCAC42 /* BoundingBox.swift in Sources */,
				7F56E01121B0BE32002DFF34 /* ARSceneView+Extensions.swift in Sources */,
				7F392BF821B0F9DA00FCAC42 /* LegoModel.swift in Sources */,
				7F58DAE021B3940400562D1F /* Models.swift in Sources */,
				7F56E00F21B09EF8002DFF34 /* SettingsViewController.swift in Sources */,
				7F58DADE21B3869500562D1F /* LegoScene.swift in Sources */,
			);
			runOnlyForDeploymentPostprocessing = 0;
		};
/* End PBXSourcesBuildPhase section */

/* Begin PBXVariantGroup section */
		7F08341021A8D3D70096841F /* Main.storyboard */ = {
			isa = PBXVariantGroup;
			children = (
				7F08341121A8D3D70096841F /* Base */,
			);
			name = Main.storyboard;
			sourceTree = "<group>";
		};
		7F08341521A8D3D90096841F /* LaunchScreen.storyboard */ = {
			isa = PBXVariantGroup;
			children = (
				7F08341621A8D3D90096841F /* Base */,
			);
			name = LaunchScreen.storyboard;
			sourceTree = "<group>";
		};
/* End PBXVariantGroup section */

/* Begin XCBuildConfiguration section */
		7F08341921A8D3D90096841F /* Debug */ = {
			isa = XCBuildConfiguration;
			buildSettings = {
				ALWAYS_SEARCH_USER_PATHS = NO;
				CLANG_ANALYZER_NONNULL = YES;
				CLANG_ANALYZER_NUMBER_OBJECT_CONVERSION = YES_AGGRESSIVE;
				CLANG_CXX_LANGUAGE_STANDARD = "gnu++14";
				CLANG_CXX_LIBRARY = "libc++";
				CLANG_ENABLE_MODULES = YES;
				CLANG_ENABLE_OBJC_ARC = YES;
				CLANG_ENABLE_OBJC_WEAK = YES;
				CLANG_WARN_BLOCK_CAPTURE_AUTORELEASING = YES;
				CLANG_WARN_BOOL_CONVERSION = YES;
				CLANG_WARN_COMMA = YES;
				CLANG_WARN_CONSTANT_CONVERSION = YES;
				CLANG_WARN_DEPRECATED_OBJC_IMPLEMENTATIONS = YES;
				CLANG_WARN_DIRECT_OBJC_ISA_USAGE = YES_ERROR;
				CLANG_WARN_DOCUMENTATION_COMMENTS = YES;
				CLANG_WARN_EMPTY_BODY = YES;
				CLANG_WARN_ENUM_CONVERSION = YES;
				CLANG_WARN_INFINITE_RECURSION = YES;
				CLANG_WARN_INT_CONVERSION = YES;
				CLANG_WARN_NON_LITERAL_NULL_CONVERSION = YES;
				CLANG_WARN_OBJC_IMPLICIT_RETAIN_SELF = YES;
				CLANG_WARN_OBJC_LITERAL_CONVERSION = YES;
				CLANG_WARN_OBJC_ROOT_CLASS = YES_ERROR;
				CLANG_WARN_RANGE_LOOP_ANALYSIS = YES;
				CLANG_WARN_STRICT_PROTOTYPES = YES;
				CLANG_WARN_SUSPICIOUS_MOVE = YES;
				CLANG_WARN_UNGUARDED_AVAILABILITY = YES_AGGRESSIVE;
				CLANG_WARN_UNREACHABLE_CODE = YES;
				CLANG_WARN__DUPLICATE_METHOD_MATCH = YES;
				CODE_SIGN_IDENTITY = "iPhone Developer";
				COPY_PHASE_STRIP = NO;
				DEBUG_INFORMATION_FORMAT = dwarf;
				ENABLE_STRICT_OBJC_MSGSEND = YES;
				ENABLE_TESTABILITY = YES;
				GCC_C_LANGUAGE_STANDARD = gnu11;
				GCC_DYNAMIC_NO_PIC = NO;
				GCC_NO_COMMON_BLOCKS = YES;
				GCC_OPTIMIZATION_LEVEL = 0;
				GCC_PREPROCESSOR_DEFINITIONS = (
					"DEBUG=1",
					"$(inherited)",
				);
				GCC_WARN_64_TO_32_BIT_CONVERSION = YES;
				GCC_WARN_ABOUT_RETURN_TYPE = YES_ERROR;
				GCC_WARN_UNDECLARED_SELECTOR = YES;
				GCC_WARN_UNINITIALIZED_AUTOS = YES_AGGRESSIVE;
				GCC_WARN_UNUSED_FUNCTION = YES;
				GCC_WARN_UNUSED_VARIABLE = YES;
				IPHONEOS_DEPLOYMENT_TARGET = 12.0;
				MTL_ENABLE_DEBUG_INFO = INCLUDE_SOURCE;
				MTL_FAST_MATH = YES;
				ONLY_ACTIVE_ARCH = YES;
				SDKROOT = iphoneos;
				SWIFT_ACTIVE_COMPILATION_CONDITIONS = DEBUG;
				SWIFT_OPTIMIZATION_LEVEL = "-Onone";
			};
			name = Debug;
		};
		7F08341A21A8D3D90096841F /* Release */ = {
			isa = XCBuildConfiguration;
			buildSettings = {
				ALWAYS_SEARCH_USER_PATHS = NO;
				CLANG_ANALYZER_NONNULL = YES;
				CLANG_ANALYZER_NUMBER_OBJECT_CONVERSION = YES_AGGRESSIVE;
				CLANG_CXX_LANGUAGE_STANDARD = "gnu++14";
				CLANG_CXX_LIBRARY = "libc++";
				CLANG_ENABLE_MODULES = YES;
				CLANG_ENABLE_OBJC_ARC = YES;
				CLANG_ENABLE_OBJC_WEAK = YES;
				CLANG_WARN_BLOCK_CAPTURE_AUTORELEASING = YES;
				CLANG_WARN_BOOL_CONVERSION = YES;
				CLANG_WARN_COMMA = YES;
				CLANG_WARN_CONSTANT_CONVERSION = YES;
				CLANG_WARN_DEPRECATED_OBJC_IMPLEMENTATIONS = YES;
				CLANG_WARN_DIRECT_OBJC_ISA_USAGE = YES_ERROR;
				CLANG_WARN_DOCUMENTATION_COMMENTS = YES;
				CLANG_WARN_EMPTY_BODY = YES;
				CLANG_WARN_ENUM_CONVERSION = YES;
				CLANG_WARN_INFINITE_RECURSION = YES;
				CLANG_WARN_INT_CONVERSION = YES;
				CLANG_WARN_NON_LITERAL_NULL_CONVERSION = YES;
				CLANG_WARN_OBJC_IMPLICIT_RETAIN_SELF = YES;
				CLANG_WARN_OBJC_LITERAL_CONVERSION = YES;
				CLANG_WARN_OBJC_ROOT_CLASS = YES_ERROR;
				CLANG_WARN_RANGE_LOOP_ANALYSIS = YES;
				CLANG_WARN_STRICT_PROTOTYPES = YES;
				CLANG_WARN_SUSPICIOUS_MOVE = YES;
				CLANG_WARN_UNGUARDED_AVAILABILITY = YES_AGGRESSIVE;
				CLANG_WARN_UNREACHABLE_CODE = YES;
				CLANG_WARN__DUPLICATE_METHOD_MATCH = YES;
				CODE_SIGN_IDENTITY = "iPhone Developer";
				COPY_PHASE_STRIP = NO;
				DEBUG_INFORMATION_FORMAT = "dwarf-with-dsym";
				ENABLE_NS_ASSERTIONS = NO;
				ENABLE_STRICT_OBJC_MSGSEND = YES;
				GCC_C_LANGUAGE_STANDARD = gnu11;
				GCC_NO_COMMON_BLOCKS = YES;
				GCC_WARN_64_TO_32_BIT_CONVERSION = YES;
				GCC_WARN_ABOUT_RETURN_TYPE = YES_ERROR;
				GCC_WARN_UNDECLARED_SELECTOR = YES;
				GCC_WARN_UNINITIALIZED_AUTOS = YES_AGGRESSIVE;
				GCC_WARN_UNUSED_FUNCTION = YES;
				GCC_WARN_UNUSED_VARIABLE = YES;
				IPHONEOS_DEPLOYMENT_TARGET = 12.0;
				MTL_ENABLE_DEBUG_INFO = NO;
				MTL_FAST_MATH = YES;
				SDKROOT = iphoneos;
				SWIFT_COMPILATION_MODE = wholemodule;
				SWIFT_OPTIMIZATION_LEVEL = "-O";
				VALIDATE_PRODUCT = YES;
			};
			name = Release;
		};
		7F08341C21A8D3D90096841F /* Debug */ = {
			isa = XCBuildConfiguration;
			buildSettings = {
				ASSETCATALOG_COMPILER_APPICON_NAME = AppIcon;
				CODE_SIGN_IDENTITY = "iPhone Developer";
				CODE_SIGN_STYLE = Automatic;
				DEVELOPMENT_TEAM = T9QS2857WF;
				INFOPLIST_FILE = "lego-ar-world-app/Info.plist";
				LD_RUNPATH_SEARCH_PATHS = (
					"$(inherited)",
					"@executable_path/Frameworks",
				);
				PRODUCT_BUNDLE_IDENTIFIER = "com.sm.lego-ar-world-app";
				PRODUCT_NAME = "$(TARGET_NAME)";
				PROVISIONING_PROFILE_SPECIFIER = "";
				SWIFT_VERSION = 4.2;
				TARGETED_DEVICE_FAMILY = "1,2";
			};
			name = Debug;
		};
		7F08341D21A8D3D90096841F /* Release */ = {
			isa = XCBuildConfiguration;
			buildSettings = {
				ASSETCATALOG_COMPILER_APPICON_NAME = AppIcon;
				CODE_SIGN_IDENTITY = "iPhone Developer";
				CODE_SIGN_STYLE = Automatic;
				DEVELOPMENT_TEAM = T9QS2857WF;
				INFOPLIST_FILE = "lego-ar-world-app/Info.plist";
				LD_RUNPATH_SEARCH_PATHS = (
					"$(inherited)",
					"@executable_path/Frameworks",
				);
				PRODUCT_BUNDLE_IDENTIFIER = "com.sm.lego-ar-world-app";
				PRODUCT_NAME = "$(TARGET_NAME)";
				PROVISIONING_PROFILE_SPECIFIER = "";
				SWIFT_VERSION = 4.2;
				TARGETED_DEVICE_FAMILY = "1,2";
			};
			name = Release;
		};
/* End XCBuildConfiguration section */

/* Begin XCConfigurationList section */
		7F08340221A8D3D70096841F /* Build configuration list for PBXProject "lego-ar-world-app" */ = {
			isa = XCConfigurationList;
			buildConfigurations = (
				7F08341921A8D3D90096841F /* Debug */,
				7F08341A21A8D3D90096841F /* Release */,
			);
			defaultConfigurationIsVisible = 0;
			defaultConfigurationName = Release;
		};
		7F08341B21A8D3D90096841F /* Build configuration list for PBXNativeTarget "lego-ar-world-app" */ = {
			isa = XCConfigurationList;
			buildConfigurations = (
				7F08341C21A8D3D90096841F /* Debug */,
				7F08341D21A8D3D90096841F /* Release */,
			);
			defaultConfigurationIsVisible = 0;
			defaultConfigurationName = Release;
		};
/* End XCConfigurationList section */
	};
	rootObject = 7F0833FF21A8D3D70096841F /* Project object */;
}
